
Microsoft Visual Studio Solution File, Format Version 12.00
# Visual Studio Version 17
VisualStudioVersion = 17.8.34511.84
MinimumVisualStudioVersion = 10.0.40219.1
Project("{FAE04EC0-301F-11D3-BF4B-00C04F79EFBC}") = "ATV7_CJ3022234", "ATV7_CJ3022234\ATV7_CJ3022234.csproj", "{0011E22A-C638-4F94-9D40-C7B32572A0F3}"
EndProject
Global
	GlobalSection(SolutionConfigurationPlatforms) = preSolution
		Debug|Any CPU = Debug|Any CPU
		Release|Any CPU = Release|Any CPU
	EndGlobalSection
	GlobalSection(ProjectConfigurationPlatforms) = postSolution
		{0011E22A-C638-4F94-9D40-C7B32572A0F3}.Debug|Any CPU.ActiveCfg = Debug|Any CPU
		{0011E22A-C638-4F94-9D40-C7B32572A0F3}.Debug|Any CPU.Build.0 = Debug|Any CPU
		{0011E22A-C638-4F94-9D40-C7B32572A0F3}.Release|Any CPU.ActiveCfg = Release|Any CPU
		{0011E22A-C638-4F94-9D40-C7B32572A0F3}.Release|Any CPU.Build.0 = Release|Any CPU
	EndGlobalSection
	GlobalSection(SolutionProperties) = preSolution
		HideSolutionNode = FALSE
	EndGlobalSection
	GlobalSection(ExtensibilityGlobals) = postSolution
		SolutionGuid = {11395FE9-3606-488C-9169-EAE6DB6BA80D}
	EndGlobalSection
EndGlobal
